
Microsoft Visual Studio Solution File, Format Version 12.00
# Visual Studio Version 17
VisualStudioVersion = 17.2.32630.192
MinimumVisualStudioVersion = 10.0.40219.1
Project("{9A19103F-16F7-4668-BE54-9A1E7A4F7556}") = "R5T.Z0034.Construction", "R5T.Z0034.Construction\R5T.Z0034.Construction.csproj", "{BAC88136-C064-4F96-A08C-7216EC431A19}"
EndProject
Project("{9A19103F-16F7-4668-BE54-9A1E7A4F7556}") = "R5T.Z0034", "R5T.Z0034\R5T.Z0034.csproj", "{9D003296-E25C-4E59-87EB-E04C2C241897}"
EndProject
Project("{2150E333-8FDC-42A3-9474-1A3956D46DE8}") = "_Dependencies", "_Dependencies", "{AE697094-E943-4B12-84E2-3BE92B7EE08E}"
EndProject
Project("{9A19103F-16F7-4668-BE54-9A1E7A4F7556}") = "R5T.F0000", "..\..\R5T.F0000\source\R5T.F0000\R5T.F0000.csproj", "{124F2948-EDC2-42DB-8717-1DF0D9CB9DC9}"
EndProject
Project("{9A19103F-16F7-4668-BE54-9A1E7A4F7556}") = "R5T.R0008.T000", "..\..\R5T.R0008\source\R5T.R0008.T000\R5T.R0008.T000.csproj", "{8C37D30E-78BD-4FE7-948E-39AE3E419E46}"
EndProject
Project("{9A19103F-16F7-4668-BE54-9A1E7A4F7556}") = "R5T.R0008", "..\..\R5T.R0008\source\R5T.R0008\R5T.R0008.csproj", "{EF11E7BA-425C-4825-AD9E-6DA2279679C0}"
EndProject
Project("{9A19103F-16F7-4668-BE54-9A1E7A4F7556}") = "R5T.T0131", "..\..\R5T.T0131\source\R5T.T0131\R5T.T0131.csproj", "{6DA4C92E-48D5-45C6-9D4F-A2265BCF23DD}"
EndProject
Project("{9A19103F-16F7-4668-BE54-9A1E7A4F7556}") = "R5T.T0132", "..\..\R5T.T0132\source\R5T.T0132\R5T.T0132.csproj", "{40097CD8-E64E-4855-97F9-445182B0606D}"
EndProject
Project("{9A19103F-16F7-4668-BE54-9A1E7A4F7556}") = "R5T.T0142", "..\..\R5T.T0142\source\R5T.T0142\R5T.T0142.csproj", "{A62ABAD3-4B58-4C9D-964C-4B39095C9141}"
EndProject
Project("{9A19103F-16F7-4668-BE54-9A1E7A4F7556}") = "R5T.T0143", "..\..\R5T.T0143\source\R5T.T0143\R5T.T0143.csproj", "{9CC800A3-F172-493D-80E7-7B8FCB10C2C6}"
EndProject
Project("{9A19103F-16F7-4668-BE54-9A1E7A4F7556}") = "R5T.T0150", "..\..\R5T.T0150\source\R5T.T0150\R5T.T0150.csproj", "{E1AC9377-B60B-40F0-BECA-396CFA42EE80}"
EndProject
Project("{9A19103F-16F7-4668-BE54-9A1E7A4F7556}") = "R5T.T0156", "..\..\R5T.T0156\source\R5T.T0156\R5T.T0156.csproj", "{FC6829F8-07B8-4EC8-924E-2CCFECFA2378}"
EndProject
Project("{9A19103F-16F7-4668-BE54-9A1E7A4F7556}") = "R5T.Y0000", "..\..\R5T.Y0000\source\R5T.Y0000\R5T.Y0000.csproj", "{CAA1A73D-07B5-4D44-8C95-A5A19D79BD5F}"
EndProject
Project("{9A19103F-16F7-4668-BE54-9A1E7A4F7556}") = "R5T.Z0000", "..\..\R5T.Z0000\source\R5T.Z0000\R5T.Z0000.csproj", "{FCB67153-29DF-4DE5-B243-163426CD9052}"
EndProject
Global
	GlobalSection(NestedProjects) = preSolution
		{124F2948-EDC2-42DB-8717-1DF0D9CB9DC9} = {AE697094-E943-4B12-84E2-3BE92B7EE08E}
		{8C37D30E-78BD-4FE7-948E-39AE3E419E46} = {AE697094-E943-4B12-84E2-3BE92B7EE08E}
		{EF11E7BA-425C-4825-AD9E-6DA2279679C0} = {AE697094-E943-4B12-84E2-3BE92B7EE08E}
		{6DA4C92E-48D5-45C6-9D4F-A2265BCF23DD} = {AE697094-E943-4B12-84E2-3BE92B7EE08E}
		{40097CD8-E64E-4855-97F9-445182B0606D} = {AE697094-E943-4B12-84E2-3BE92B7EE08E}
		{A62ABAD3-4B58-4C9D-964C-4B39095C9141} = {AE697094-E943-4B12-84E2-3BE92B7EE08E}
		{9CC800A3-F172-493D-80E7-7B8FCB10C2C6} = {AE697094-E943-4B12-84E2-3BE92B7EE08E}
		{E1AC9377-B60B-40F0-BECA-396CFA42EE80} = {AE697094-E943-4B12-84E2-3BE92B7EE08E}
		{FC6829F8-07B8-4EC8-924E-2CCFECFA2378} = {AE697094-E943-4B12-84E2-3BE92B7EE08E}
		{CAA1A73D-07B5-4D44-8C95-A5A19D79BD5F} = {AE697094-E943-4B12-84E2-3BE92B7EE08E}
		{FCB67153-29DF-4DE5-B243-163426CD9052} = {AE697094-E943-4B12-84E2-3BE92B7EE08E}
	EndGlobalSection
	GlobalSection(SolutionConfigurationPlatforms) = preSolution
		Debug|Any CPU = Debug|Any CPU
		Release|Any CPU = Release|Any CPU
	EndGlobalSection
	GlobalSection(ProjectConfigurationPlatforms) = postSolution
		{BAC88136-C064-4F96-A08C-7216EC431A19}.Debug|Any CPU.ActiveCfg = Debug|Any CPU
		{BAC88136-C064-4F96-A08C-7216EC431A19}.Debug|Any CPU.Build.0 = Debug|Any CPU
		{BAC88136-C064-4F96-A08C-7216EC431A19}.Release|Any CPU.ActiveCfg = Release|Any CPU
		{BAC88136-C064-4F96-A08C-7216EC431A19}.Release|Any CPU.Build.0 = Release|Any CPU
		{9D003296-E25C-4E59-87EB-E04C2C241897}.Debug|Any CPU.ActiveCfg = Debug|Any CPU
		{9D003296-E25C-4E59-87EB-E04C2C241897}.Debug|Any CPU.Build.0 = Debug|Any CPU
		{9D003296-E25C-4E59-87EB-E04C2C241897}.Release|Any CPU.ActiveCfg = Release|Any CPU
		{9D003296-E25C-4E59-87EB-E04C2C241897}.Release|Any CPU.Build.0 = Release|Any CPU
		{124F2948-EDC2-42DB-8717-1DF0D9CB9DC9}.Debug|Any CPU.ActiveCfg = Debug|Any CPU
		{124F2948-EDC2-42DB-8717-1DF0D9CB9DC9}.Debug|Any CPU.Build.0 = Debug|Any CPU
		{124F2948-EDC2-42DB-8717-1DF0D9CB9DC9}.Release|Any CPU.ActiveCfg = Release|Any CPU
		{124F2948-EDC2-42DB-8717-1DF0D9CB9DC9}.Release|Any CPU.Build.0 = Release|Any CPU
		{8C37D30E-78BD-4FE7-948E-39AE3E419E46}.Debug|Any CPU.ActiveCfg = Debug|Any CPU
		{8C37D30E-78BD-4FE7-948E-39AE3E419E46}.Debug|Any CPU.Build.0 = Debug|Any CPU
		{8C37D30E-78BD-4FE7-948E-39AE3E419E46}.Release|Any CPU.ActiveCfg = Release|Any CPU
		{8C37D30E-78BD-4FE7-948E-39AE3E419E46}.Release|Any CPU.Build.0 = Release|Any CPU
		{EF11E7BA-425C-4825-AD9E-6DA2279679C0}.Debug|Any CPU.ActiveCfg = Debug|Any CPU
		{EF11E7BA-425C-4825-AD9E-6DA2279679C0}.Debug|Any CPU.Build.0 = Debug|Any CPU
		{EF11E7BA-425C-4825-AD9E-6DA2279679C0}.Release|Any CPU.ActiveCfg = Release|Any CPU
		{EF11E7BA-425C-4825-AD9E-6DA2279679C0}.Release|Any CPU.Build.0 = Release|Any CPU
		{6DA4C92E-48D5-45C6-9D4F-A2265BCF23DD}.Debug|Any CPU.ActiveCfg = Debug|Any CPU
		{6DA4C92E-48D5-45C6-9D4F-A2265BCF23DD}.Debug|Any CPU.Build.0 = Debug|Any CPU
		{6DA4C92E-48D5-45C6-9D4F-A2265BCF23DD}.Release|Any CPU.ActiveCfg = Release|Any CPU
		{6DA4C92E-48D5-45C6-9D4F-A2265BCF23DD}.Release|Any CPU.Build.0 = Release|Any CPU
		{40097CD8-E64E-4855-97F9-445182B0606D}.Debug|Any CPU.ActiveCfg = Debug|Any CPU
		{40097CD8-E64E-4855-97F9-445182B0606D}.Debug|Any CPU.Build.0 = Debug|Any CPU
		{40097CD8-E64E-4855-97F9-445182B0606D}.Release|Any CPU.ActiveCfg = Release|Any CPU
		{40097CD8-E64E-4855-97F9-445182B0606D}.Release|Any CPU.Build.0 = Release|Any CPU
		{A62ABAD3-4B58-4C9D-964C-4B39095C9141}.Debug|Any CPU.ActiveCfg = Debug|Any CPU
		{A62ABAD3-4B58-4C9D-964C-4B39095C9141}.Debug|Any CPU.Build.0 = Debug|Any CPU
		{A62ABAD3-4B58-4C9D-964C-4B39095C9141}.Release|Any CPU.ActiveCfg = Release|Any CPU
		{A62ABAD3-4B58-4C9D-964C-4B39095C9141}.Release|Any CPU.Build.0 = Release|Any CPU
		{9CC800A3-F172-493D-80E7-7B8FCB10C2C6}.Debug|Any CPU.ActiveCfg = Debug|Any CPU
		{9CC800A3-F172-493D-80E7-7B8FCB10C2C6}.Debug|Any CPU.Build.0 = Debug|Any CPU
		{9CC800A3-F172-493D-80E7-7B8FCB10C2C6}.Release|Any CPU.ActiveCfg = Release|Any CPU
		{9CC800A3-F172-493D-80E7-7B8FCB10C2C6}.Release|Any CPU.Build.0 = Release|Any CPU
		{E1AC9377-B60B-40F0-BECA-396CFA42EE80}.Debug|Any CPU.ActiveCfg = Debug|Any CPU
		{E1AC9377-B60B-40F0-BECA-396CFA42EE80}.Debug|Any CPU.Build.0 = Debug|Any CPU
		{E1AC9377-B60B-40F0-BECA-396CFA42EE80}.Release|Any CPU.ActiveCfg = Release|Any CPU
		{E1AC9377-B60B-40F0-BECA-396CFA42EE80}.Release|Any CPU.Build.0 = Release|Any CPU
		{FC6829F8-07B8-4EC8-924E-2CCFECFA2378}.Debug|Any CPU.ActiveCfg = Debug|Any CPU
		{FC6829F8-07B8-4EC8-924E-2CCFECFA2378}.Debug|Any CPU.Build.0 = Debug|Any CPU
		{FC6829F8-07B8-4EC8-924E-2CCFECFA2378}.Release|Any CPU.ActiveCfg = Release|Any CPU
		{FC6829F8-07B8-4EC8-924E-2CCFECFA2378}.Release|Any CPU.Build.0 = Release|Any CPU
		{CAA1A73D-07B5-4D44-8C95-A5A19D79BD5F}.Debug|Any CPU.ActiveCfg = Debug|Any CPU
		{CAA1A73D-07B5-4D44-8C95-A5A19D79BD5F}.Debug|Any CPU.Build.0 = Debug|Any CPU
		{CAA1A73D-07B5-4D44-8C95-A5A19D79BD5F}.Release|Any CPU.ActiveCfg = Release|Any CPU
		{CAA1A73D-07B5-4D44-8C95-A5A19D79BD5F}.Release|Any CPU.Build.0 = Release|Any CPU
		{FCB67153-29DF-4DE5-B243-163426CD9052}.Debug|Any CPU.ActiveCfg = Debug|Any CPU
		{FCB67153-29DF-4DE5-B243-163426CD9052}.Debug|Any CPU.Build.0 = Debug|Any CPU
		{FCB67153-29DF-4DE5-B243-163426CD9052}.Release|Any CPU.ActiveCfg = Release|Any CPU
		{FCB67153-29DF-4DE5-B243-163426CD9052}.Release|Any CPU.Build.0 = Release|Any CPU
	EndGlobalSection
	GlobalSection(SolutionProperties) = preSolution
		HideSolutionNode = FALSE
	EndGlobalSection
	GlobalSection(ExtensibilityGlobals) = postSolution
		SolutionGuid = {57017687-DFDC-4A89-A3DB-1DA395FFCDD5}
	EndGlobalSection
EndGlobal
