
Microsoft Visual Studio Solution File, Format Version 12.00
# Visual Studio Version 17
VisualStudioVersion = 17.2.32630.192
MinimumVisualStudioVersion = 10.0.40219.1
Project("{9A19103F-16F7-4668-BE54-9A1E7A4F7556}") = "R5T.Z0034", "R5T.Z0034\R5T.Z0034.csproj", "{897569BB-4C62-489C-93BA-804577AADD64}"
EndProject
Project("{2150E333-8FDC-42A3-9474-1A3956D46DE8}") = "_Dependencies", "_Dependencies", "{3B74FCC9-42AA-4D17-91BE-D5BBA1AF5183}"
EndProject
Project("{9A19103F-16F7-4668-BE54-9A1E7A4F7556}") = "R5T.F0000", "..\..\R5T.F0000\source\R5T.F0000\R5T.F0000.csproj", "{A09FD483-1D1B-49DB-A61D-28D83B91F59D}"
EndProject
Project("{9A19103F-16F7-4668-BE54-9A1E7A4F7556}") = "R5T.R0008.T000", "..\..\R5T.R0008\source\R5T.R0008.T000\R5T.R0008.T000.csproj", "{A852DC57-9A0D-481D-918B-D786EBF25164}"
EndProject
Project("{9A19103F-16F7-4668-BE54-9A1E7A4F7556}") = "R5T.R0008", "..\..\R5T.R0008\source\R5T.R0008\R5T.R0008.csproj", "{D3C65DEC-ED4E-4D0C-95C3-713D295465A5}"
EndProject
Project("{9A19103F-16F7-4668-BE54-9A1E7A4F7556}") = "R5T.T0131", "..\..\R5T.T0131\source\R5T.T0131\R5T.T0131.csproj", "{E14B15EC-C4E0-4699-9E6E-86F3EDA1A26A}"
EndProject
Project("{9A19103F-16F7-4668-BE54-9A1E7A4F7556}") = "R5T.T0132", "..\..\R5T.T0132\source\R5T.T0132\R5T.T0132.csproj", "{C8642F19-6973-4D59-B756-161911013A10}"
EndProject
Project("{9A19103F-16F7-4668-BE54-9A1E7A4F7556}") = "R5T.T0142", "..\..\R5T.T0142\source\R5T.T0142\R5T.T0142.csproj", "{0D72F053-415C-4E39-9F89-22F6C64116C1}"
EndProject
Project("{9A19103F-16F7-4668-BE54-9A1E7A4F7556}") = "R5T.T0143", "..\..\R5T.T0143\source\R5T.T0143\R5T.T0143.csproj", "{E8D66CDF-74E5-40F7-B2CD-8B5F6FA7C429}"
EndProject
Project("{9A19103F-16F7-4668-BE54-9A1E7A4F7556}") = "R5T.T0150", "..\..\R5T.T0150\source\R5T.T0150\R5T.T0150.csproj", "{22A85674-E23B-4288-A465-877A9A89244D}"
EndProject
Project("{9A19103F-16F7-4668-BE54-9A1E7A4F7556}") = "R5T.T0156", "..\..\R5T.T0156\source\R5T.T0156\R5T.T0156.csproj", "{D195F635-C204-46D2-AC83-16EDAD95B117}"
EndProject
Project("{9A19103F-16F7-4668-BE54-9A1E7A4F7556}") = "R5T.Y0000", "..\..\R5T.Y0000\source\R5T.Y0000\R5T.Y0000.csproj", "{9DA34D09-CCFC-4E25-A41D-5601D0B5FEB9}"
EndProject
Project("{9A19103F-16F7-4668-BE54-9A1E7A4F7556}") = "R5T.Z0000", "..\..\R5T.Z0000\source\R5T.Z0000\R5T.Z0000.csproj", "{9C1106A7-EFEE-40BE-9B3B-8A340B364590}"
EndProject
Global
	GlobalSection(NestedProjects) = preSolution
		{A09FD483-1D1B-49DB-A61D-28D83B91F59D} = {3B74FCC9-42AA-4D17-91BE-D5BBA1AF5183}
		{A852DC57-9A0D-481D-918B-D786EBF25164} = {3B74FCC9-42AA-4D17-91BE-D5BBA1AF5183}
		{D3C65DEC-ED4E-4D0C-95C3-713D295465A5} = {3B74FCC9-42AA-4D17-91BE-D5BBA1AF5183}
		{E14B15EC-C4E0-4699-9E6E-86F3EDA1A26A} = {3B74FCC9-42AA-4D17-91BE-D5BBA1AF5183}
		{C8642F19-6973-4D59-B756-161911013A10} = {3B74FCC9-42AA-4D17-91BE-D5BBA1AF5183}
		{0D72F053-415C-4E39-9F89-22F6C64116C1} = {3B74FCC9-42AA-4D17-91BE-D5BBA1AF5183}
		{E8D66CDF-74E5-40F7-B2CD-8B5F6FA7C429} = {3B74FCC9-42AA-4D17-91BE-D5BBA1AF5183}
		{22A85674-E23B-4288-A465-877A9A89244D} = {3B74FCC9-42AA-4D17-91BE-D5BBA1AF5183}
		{D195F635-C204-46D2-AC83-16EDAD95B117} = {3B74FCC9-42AA-4D17-91BE-D5BBA1AF5183}
		{9DA34D09-CCFC-4E25-A41D-5601D0B5FEB9} = {3B74FCC9-42AA-4D17-91BE-D5BBA1AF5183}
		{9C1106A7-EFEE-40BE-9B3B-8A340B364590} = {3B74FCC9-42AA-4D17-91BE-D5BBA1AF5183}
	EndGlobalSection
	GlobalSection(SolutionConfigurationPlatforms) = preSolution
		Debug|Any CPU = Debug|Any CPU
		Release|Any CPU = Release|Any CPU
	EndGlobalSection
	GlobalSection(ProjectConfigurationPlatforms) = postSolution
		{897569BB-4C62-489C-93BA-804577AADD64}.Debug|Any CPU.ActiveCfg = Debug|Any CPU
		{897569BB-4C62-489C-93BA-804577AADD64}.Debug|Any CPU.Build.0 = Debug|Any CPU
		{897569BB-4C62-489C-93BA-804577AADD64}.Release|Any CPU.ActiveCfg = Release|Any CPU
		{897569BB-4C62-489C-93BA-804577AADD64}.Release|Any CPU.Build.0 = Release|Any CPU
		{A09FD483-1D1B-49DB-A61D-28D83B91F59D}.Debug|Any CPU.ActiveCfg = Debug|Any CPU
		{A09FD483-1D1B-49DB-A61D-28D83B91F59D}.Debug|Any CPU.Build.0 = Debug|Any CPU
		{A09FD483-1D1B-49DB-A61D-28D83B91F59D}.Release|Any CPU.ActiveCfg = Release|Any CPU
		{A09FD483-1D1B-49DB-A61D-28D83B91F59D}.Release|Any CPU.Build.0 = Release|Any CPU
		{A852DC57-9A0D-481D-918B-D786EBF25164}.Debug|Any CPU.ActiveCfg = Debug|Any CPU
		{A852DC57-9A0D-481D-918B-D786EBF25164}.Debug|Any CPU.Build.0 = Debug|Any CPU
		{A852DC57-9A0D-481D-918B-D786EBF25164}.Release|Any CPU.ActiveCfg = Release|Any CPU
		{A852DC57-9A0D-481D-918B-D786EBF25164}.Release|Any CPU.Build.0 = Release|Any CPU
		{D3C65DEC-ED4E-4D0C-95C3-713D295465A5}.Debug|Any CPU.ActiveCfg = Debug|Any CPU
		{D3C65DEC-ED4E-4D0C-95C3-713D295465A5}.Debug|Any CPU.Build.0 = Debug|Any CPU
		{D3C65DEC-ED4E-4D0C-95C3-713D295465A5}.Release|Any CPU.ActiveCfg = Release|Any CPU
		{D3C65DEC-ED4E-4D0C-95C3-713D295465A5}.Release|Any CPU.Build.0 = Release|Any CPU
		{E14B15EC-C4E0-4699-9E6E-86F3EDA1A26A}.Debug|Any CPU.ActiveCfg = Debug|Any CPU
		{E14B15EC-C4E0-4699-9E6E-86F3EDA1A26A}.Debug|Any CPU.Build.0 = Debug|Any CPU
		{E14B15EC-C4E0-4699-9E6E-86F3EDA1A26A}.Release|Any CPU.ActiveCfg = Release|Any CPU
		{E14B15EC-C4E0-4699-9E6E-86F3EDA1A26A}.Release|Any CPU.Build.0 = Release|Any CPU
		{C8642F19-6973-4D59-B756-161911013A10}.Debug|Any CPU.ActiveCfg = Debug|Any CPU
		{C8642F19-6973-4D59-B756-161911013A10}.Debug|Any CPU.Build.0 = Debug|Any CPU
		{C8642F19-6973-4D59-B756-161911013A10}.Release|Any CPU.ActiveCfg = Release|Any CPU
		{C8642F19-6973-4D59-B756-161911013A10}.Release|Any CPU.Build.0 = Release|Any CPU
		{0D72F053-415C-4E39-9F89-22F6C64116C1}.Debug|Any CPU.ActiveCfg = Debug|Any CPU
		{0D72F053-415C-4E39-9F89-22F6C64116C1}.Debug|Any CPU.Build.0 = Debug|Any CPU
		{0D72F053-415C-4E39-9F89-22F6C64116C1}.Release|Any CPU.ActiveCfg = Release|Any CPU
		{0D72F053-415C-4E39-9F89-22F6C64116C1}.Release|Any CPU.Build.0 = Release|Any CPU
		{E8D66CDF-74E5-40F7-B2CD-8B5F6FA7C429}.Debug|Any CPU.ActiveCfg = Debug|Any CPU
		{E8D66CDF-74E5-40F7-B2CD-8B5F6FA7C429}.Debug|Any CPU.Build.0 = Debug|Any CPU
		{E8D66CDF-74E5-40F7-B2CD-8B5F6FA7C429}.Release|Any CPU.ActiveCfg = Release|Any CPU
		{E8D66CDF-74E5-40F7-B2CD-8B5F6FA7C429}.Release|Any CPU.Build.0 = Release|Any CPU
		{22A85674-E23B-4288-A465-877A9A89244D}.Debug|Any CPU.ActiveCfg = Debug|Any CPU
		{22A85674-E23B-4288-A465-877A9A89244D}.Debug|Any CPU.Build.0 = Debug|Any CPU
		{22A85674-E23B-4288-A465-877A9A89244D}.Release|Any CPU.ActiveCfg = Release|Any CPU
		{22A85674-E23B-4288-A465-877A9A89244D}.Release|Any CPU.Build.0 = Release|Any CPU
		{D195F635-C204-46D2-AC83-16EDAD95B117}.Debug|Any CPU.ActiveCfg = Debug|Any CPU
		{D195F635-C204-46D2-AC83-16EDAD95B117}.Debug|Any CPU.Build.0 = Debug|Any CPU
		{D195F635-C204-46D2-AC83-16EDAD95B117}.Release|Any CPU.ActiveCfg = Release|Any CPU
		{D195F635-C204-46D2-AC83-16EDAD95B117}.Release|Any CPU.Build.0 = Release|Any CPU
		{9DA34D09-CCFC-4E25-A41D-5601D0B5FEB9}.Debug|Any CPU.ActiveCfg = Debug|Any CPU
		{9DA34D09-CCFC-4E25-A41D-5601D0B5FEB9}.Debug|Any CPU.Build.0 = Debug|Any CPU
		{9DA34D09-CCFC-4E25-A41D-5601D0B5FEB9}.Release|Any CPU.ActiveCfg = Release|Any CPU
		{9DA34D09-CCFC-4E25-A41D-5601D0B5FEB9}.Release|Any CPU.Build.0 = Release|Any CPU
		{9C1106A7-EFEE-40BE-9B3B-8A340B364590}.Debug|Any CPU.ActiveCfg = Debug|Any CPU
		{9C1106A7-EFEE-40BE-9B3B-8A340B364590}.Debug|Any CPU.Build.0 = Debug|Any CPU
		{9C1106A7-EFEE-40BE-9B3B-8A340B364590}.Release|Any CPU.ActiveCfg = Release|Any CPU
		{9C1106A7-EFEE-40BE-9B3B-8A340B364590}.Release|Any CPU.Build.0 = Release|Any CPU
	EndGlobalSection
	GlobalSection(SolutionProperties) = preSolution
		HideSolutionNode = FALSE
	EndGlobalSection
	GlobalSection(ExtensibilityGlobals) = postSolution
		SolutionGuid = {C106174F-B2E1-40EB-A7AE-4FB3C01A2135}
	EndGlobalSection
EndGlobal
